
Microsoft Visual Studio Solution File, Format Version 11.00
# Visual Studio 2010
Project("{FAE04EC0-301F-11D3-BF4B-00C04F79EFBC}") = "ChainRemain", "Assembly-CSharp-firstpass.csproj", "{4A7E2793-375E-3C30-A7E2-996CFEAE9A63}"
EndProject
Project("{FAE04EC0-301F-11D3-BF4B-00C04F79EFBC}") = "ChainRemain", "Assembly-CSharp.csproj", "{3AE244B1-B103-E820-BE69-7F5296E571A3}"
EndProject
Global
	GlobalSection(SolutionConfigurationPlatforms) = preSolution
		Debug|Any CPU = Debug|Any CPU
		Release|Any CPU = Release|Any CPU
	EndGlobalSection
	GlobalSection(ProjectConfigurationPlatforms) = postSolution
		{4A7E2793-375E-3C30-A7E2-996CFEAE9A63}.Debug|Any CPU.ActiveCfg = Debug|Any CPU
		{4A7E2793-375E-3C30-A7E2-996CFEAE9A63}.Debug|Any CPU.Build.0 = Debug|Any CPU
		{4A7E2793-375E-3C30-A7E2-996CFEAE9A63}.Release|Any CPU.ActiveCfg = Release|Any CPU
		{4A7E2793-375E-3C30-A7E2-996CFEAE9A63}.Release|Any CPU.Build.0 = Release|Any CPU
		{3AE244B1-B103-E820-BE69-7F5296E571A3}.Debug|Any CPU.ActiveCfg = Debug|Any CPU
		{3AE244B1-B103-E820-BE69-7F5296E571A3}.Debug|Any CPU.Build.0 = Debug|Any CPU
		{3AE244B1-B103-E820-BE69-7F5296E571A3}.Release|Any CPU.ActiveCfg = Release|Any CPU
		{3AE244B1-B103-E820-BE69-7F5296E571A3}.Release|Any CPU.Build.0 = Release|Any CPU
	EndGlobalSection
	GlobalSection(SolutionProperties) = preSolution
		HideSolutionNode = FALSE
	EndGlobalSection
	GlobalSection(MonoDevelopProperties) = preSolution
		StartupItem = Assembly-CSharp.csproj
	EndGlobalSection
EndGlobal
